
Microsoft Visual Studio Solution File, Format Version 12.00
# Visual Studio Version 17
VisualStudioVersion = 17.4.33110.190
MinimumVisualStudioVersion = 10.0.40219.1
Project("{FAE04EC0-301F-11D3-BF4B-00C04F79EFBC}") = "DBAssignment", "DBAssignment\DBAssignment.csproj", "{552C853B-2244-4527-BE99-4E97E02FC1D3}"
EndProject
Global
	GlobalSection(SolutionConfigurationPlatforms) = preSolution
		Debug|Any CPU = Debug|Any CPU
		Release|Any CPU = Release|Any CPU
	EndGlobalSection
	GlobalSection(ProjectConfigurationPlatforms) = postSolution
		{552C853B-2244-4527-BE99-4E97E02FC1D3}.Debug|Any CPU.ActiveCfg = Debug|Any CPU
		{552C853B-2244-4527-BE99-4E97E02FC1D3}.Debug|Any CPU.Build.0 = Debug|Any CPU
		{552C853B-2244-4527-BE99-4E97E02FC1D3}.Release|Any CPU.ActiveCfg = Release|Any CPU
		{552C853B-2244-4527-BE99-4E97E02FC1D3}.Release|Any CPU.Build.0 = Release|Any CPU
	EndGlobalSection
	GlobalSection(SolutionProperties) = preSolution
		HideSolutionNode = FALSE
	EndGlobalSection
	GlobalSection(ExtensibilityGlobals) = postSolution
		SolutionGuid = {C242A69E-10E4-4910-9C82-9991075A15E1}
	EndGlobalSection
EndGlobal
